
Microsoft Visual Studio Solution File, Format Version 12.00
# Visual Studio Version 17
VisualStudioVersion = 17.6.33723.286
MinimumVisualStudioVersion = 10.0.40219.1
Project("{FAE04EC0-301F-11D3-BF4B-00C04F79EFBC}") = "ObserversDesignPattern", "ObserversDesignPattern\ObserversDesignPattern.csproj", "{31A7CAB0-8714-4EB7-8051-B946E3D58BA8}"
EndProject
Global
	GlobalSection(SolutionConfigurationPlatforms) = preSolution
		Debug|Any CPU = Debug|Any CPU
		Release|Any CPU = Release|Any CPU
	EndGlobalSection
	GlobalSection(ProjectConfigurationPlatforms) = postSolution
		{31A7CAB0-8714-4EB7-8051-B946E3D58BA8}.Debug|Any CPU.ActiveCfg = Debug|Any CPU
		{31A7CAB0-8714-4EB7-8051-B946E3D58BA8}.Debug|Any CPU.Build.0 = Debug|Any CPU
		{31A7CAB0-8714-4EB7-8051-B946E3D58BA8}.Release|Any CPU.ActiveCfg = Release|Any CPU
		{31A7CAB0-8714-4EB7-8051-B946E3D58BA8}.Release|Any CPU.Build.0 = Release|Any CPU
	EndGlobalSection
	GlobalSection(SolutionProperties) = preSolution
		HideSolutionNode = FALSE
	EndGlobalSection
	GlobalSection(ExtensibilityGlobals) = postSolution
		SolutionGuid = {5D8CD4B8-13E7-43C0-A37D-9B1E0140F647}
	EndGlobalSection
EndGlobal
